// !$*UTF8*$!
{
	archiveVersion = 1;
	classes = {
	};
	objectVersion = 77;
	objects = {

/* Begin PBXBuildFile section */
		5F5939EF2DE52F8400AB4618 /* Supabase in Frameworks */ = {isa = PBXBuildFile; productRef = 5F5939EE2DE52F8400AB4618 /* Supabase */; };
		5FF7687D2DE5242300F67494 /* Auth in Frameworks */ = {isa = PBXBuildFile; productRef = 5FF7687C2DE5242300F67494 /* Auth */; };
		5FF7687F2DE5242300F67494 /* Functions in Frameworks */ = {isa = PBXBuildFile; productRef = 5FF7687E2DE5242300F67494 /* Functions */; };
		5FF768812DE5242300F67494 /* PostgREST in Frameworks */ = {isa = PBXBuildFile; productRef = 5FF768802DE5242300F67494 /* PostgREST */; };
		5FF768832DE5242300F67494 /* Realtime in Frameworks */ = {isa = PBXBuildFile; productRef = 5FF768822DE5242300F67494 /* Realtime */; };
		5FF768852DE5242300F67494 /* Storage in Frameworks */ = {isa = PBXBuildFile; productRef = 5FF768842DE5242300F67494 /* Storage */; };
/* End PBXBuildFile section */

/* Begin PBXFileReference section */
		5F8BACDD2D6E8BA6004CC56A /* SmartCapital.app */ = {isa = PBXFileReference; explicitFileType = wrapper.application; includeInIndex = 0; path = SmartCapital.app; sourceTree = BUILT_PRODUCTS_DIR; };
/* End PBXFileReference section */

/* Begin PBXFileSystemSynchronizedRootGroup section */
		5F8BACDF2D6E8BA6004CC56A /* SmartCapital */ = {
			isa = PBXFileSystemSynchronizedRootGroup;
			path = SmartCapital;
			sourceTree = "<group>";
		};
/* End PBXFileSystemSynchronizedRootGroup section */

/* Begin PBXFrameworksBuildPhase section */
		5F8BACDA2D6E8BA6004CC56A /* Frameworks */ = {
			isa = PBXFrameworksBuildPhase;
			buildActionMask = 2147483647;
			files = (
				5FF768812DE5242300F67494 /* PostgREST in Frameworks */,
				5FF7687F2DE5242300F67494 /* Functions in Frameworks */,
				5F5939EF2DE52F8400AB4618 /* Supabase in Frameworks */,
				5FF7687D2DE5242300F67494 /* Auth in Frameworks */,
				5FF768852DE5242300F67494 /* Storage in Frameworks */,
				5FF768832DE5242300F67494 /* Realtime in Frameworks */,
			);
			runOnlyForDeploymentPostprocessing = 0;
		};
/* End PBXFrameworksBuildPhase section */

/* Begin PBXGroup section */
		5F5939ED2DE52F8400AB4618 /* Frameworks */ = {
			isa = PBXGroup;
			children = (
			);
			name = Frameworks;
			sourceTree = "<group>";
		};
		5F8BACD42D6E8BA6004CC56A = {
			isa = PBXGroup;
			children = (
				5F8BACDF2D6E8BA6004CC56A /* SmartCapital */,
				5F5939ED2DE52F8400AB4618 /* Frameworks */,
				5F8BACDE2D6E8BA6004CC56A /* Products */,
			);
			sourceTree = "<group>";
		};
		5F8BACDE2D6E8BA6004CC56A /* Products */ = {
			isa = PBXGroup;
			children = (
				5F8BACDD2D6E8BA6004CC56A /* SmartCapital.app */,
			);
			name = Products;
			sourceTree = "<group>";
		};
/* End PBXGroup section */

/* Begin PBXNativeTarget section */
		5F8BACDC2D6E8BA6004CC56A /* SmartCapital */ = {
			isa = PBXNativeTarget;
			buildConfigurationList = 5F8BAD012D6E8BA8004CC56A /* Build configuration list for PBXNativeTarget "SmartCapital" */;
			buildPhases = (
				5F8BACD92D6E8BA6004CC56A /* Sources */,
				5F8BACDA2D6E8BA6004CC56A /* Frameworks */,
				5F8BACDB2D6E8BA6004CC56A /* Resources */,
			);
			buildRules = (
			);
			dependencies = (
			);
			fileSystemSynchronizedGroups = (
				5F8BACDF2D6E8BA6004CC56A /* SmartCapital */,
			);
			name = SmartCapital;
			packageProductDependencies = (
				5FF7687C2DE5242300F67494 /* Auth */,
				5FF7687E2DE5242300F67494 /* Functions */,
				5FF768802DE5242300F67494 /* PostgREST */,
				5FF768822DE5242300F67494 /* Realtime */,
				5FF768842DE5242300F67494 /* Storage */,
				5F5939EE2DE52F8400AB4618 /* Supabase */,
			);
			productName = SmartCapital;
			productReference = 5F8BACDD2D6E8BA6004CC56A /* SmartCapital.app */;
			productType = "com.apple.product-type.application";
		};
/* End PBXNativeTarget section */

/* Begin PBXProject section */
		5F8BACD52D6E8BA6004CC56A /* Project object */ = {
			isa = PBXProject;
			attributes = {
				BuildIndependentTargetsInParallel = 1;
				LastSwiftUpdateCheck = 1620;
				LastUpgradeCheck = 1620;
				TargetAttributes = {
					5F8BACDC2D6E8BA6004CC56A = {
						CreatedOnToolsVersion = 16.2;
					};
				};
			};
			buildConfigurationList = 5F8BACD82D6E8BA6004CC56A /* Build configuration list for PBXProject "SmartCapital" */;
			developmentRegion = en;
			hasScannedForEncodings = 0;
			knownRegions = (
				en,
				Base,
			);
			mainGroup = 5F8BACD42D6E8BA6004CC56A;
			minimizedProjectReferenceProxies = 1;
			packageReferences = (
				5FF7687B2DE5242300F67494 /* XCRemoteSwiftPackageReference "supabase-swift" */,
			);
			preferredProjectObjectVersion = 77;
			productRefGroup = 5F8BACDE2D6E8BA6004CC56A /* Products */;
			projectDirPath = "";
			projectRoot = "";
			targets = (
				5F8BACDC2D6E8BA6004CC56A /* SmartCapital */,
			);
		};
/* End PBXProject section */

/* Begin PBXResourcesBuildPhase section */
		5F8BACDB2D6E8BA6004CC56A /* Resources */ = {
			isa = PBXResourcesBuildPhase;
			buildActionMask = 2147483647;
			files = (
			);
			runOnlyForDeploymentPostprocessing = 0;
		};
/* End PBXResourcesBuildPhase section */

/* Begin PBXSourcesBuildPhase section */
		5F8BACD92D6E8BA6004CC56A /* Sources */ = {
			isa = PBXSourcesBuildPhase;
			buildActionMask = 2147483647;
			files = (
			);
			runOnlyForDeploymentPostprocessing = 0;
		};
/* End PBXSourcesBuildPhase section */

/* Begin XCBuildConfiguration section */
		5F8BACFF2D6E8BA8004CC56A /* Debug */ = {
			isa = XCBuildConfiguration;
			buildSettings = {
				ALWAYS_SEARCH_USER_PATHS = NO;
				ASSETCATALOG_COMPILER_GENERATE_SWIFT_ASSET_SYMBOL_EXTENSIONS = YES;
				CLANG_ANALYZER_NONNULL = YES;
				CLANG_ANALYZER_NUMBER_OBJECT_CONVERSION = YES_AGGRESSIVE;
				CLANG_CXX_LANGUAGE_STANDARD = "gnu++20";
				CLANG_ENABLE_MODULES = YES;
				CLANG_ENABLE_OBJC_ARC = YES;
				CLANG_ENABLE_OBJC_WEAK = YES;
				CLANG_WARN_BLOCK_CAPTURE_AUTORELEASING = YES;
				CLANG_WARN_BOOL_CONVERSION = YES;
				CLANG_WARN_COMMA = YES;
				CLANG_WARN_CONSTANT_CONVERSION = YES;
				CLANG_WARN_DEPRECATED_OBJC_IMPLEMENTATIONS = YES;
				CLANG_WARN_DIRECT_OBJC_ISA_USAGE = YES_ERROR;
				CLANG_WARN_DOCUMENTATION_COMMENTS = YES;
				CLANG_WARN_EMPTY_BODY = YES;
				CLANG_WARN_ENUM_CONVERSION = YES;
				CLANG_WARN_INFINITE_RECURSION = YES;
				CLANG_WARN_INT_CONVERSION = YES;
				CLANG_WARN_NON_LITERAL_NULL_CONVERSION = YES;
				CLANG_WARN_OBJC_IMPLICIT_RETAIN_SELF = YES;
				CLANG_WARN_OBJC_LITERAL_CONVERSION = YES;
				CLANG_WARN_OBJC_ROOT_CLASS = YES_ERROR;
				CLANG_WARN_QUOTED_INCLUDE_IN_FRAMEWORK_HEADER = YES;
				CLANG_WARN_RANGE_LOOP_ANALYSIS = YES;
				CLANG_WARN_STRICT_PROTOTYPES = YES;
				CLANG_WARN_SUSPICIOUS_MOVE = YES;
				CLANG_WARN_UNGUARDED_AVAILABILITY = YES_AGGRESSIVE;
				CLANG_WARN_UNREACHABLE_CODE = YES;
				CLANG_WARN__DUPLICATE_METHOD_MATCH = YES;
				COPY_PHASE_STRIP = NO;
				DEBUG_INFORMATION_FORMAT = dwarf;
				ENABLE_STRICT_OBJC_MSGSEND = YES;
				ENABLE_TESTABILITY = YES;
				ENABLE_USER_SCRIPT_SANDBOXING = YES;
				GCC_C_LANGUAGE_STANDARD = gnu17;
				GCC_DYNAMIC_NO_PIC = NO;
				GCC_NO_COMMON_BLOCKS = YES;
				GCC_OPTIMIZATION_LEVEL = 0;
				GCC_PREPROCESSOR_DEFINITIONS = (
					"DEBUG=1",
					"$(inherited)",
				);
				GCC_WARN_64_TO_32_BIT_CONVERSION = YES;
				GCC_WARN_ABOUT_RETURN_TYPE = YES_ERROR;
				GCC_WARN_UNDECLARED_SELECTOR = YES;
				GCC_WARN_UNINITIALIZED_AUTOS = YES_AGGRESSIVE;
				GCC_WARN_UNUSED_FUNCTION = YES;
				GCC_WARN_UNUSED_VARIABLE = YES;
				IPHONEOS_DEPLOYMENT_TARGET = 18.2;
				LOCALIZATION_PREFERS_STRING_CATALOGS = YES;
				MTL_ENABLE_DEBUG_INFO = INCLUDE_SOURCE;
				MTL_FAST_MATH = YES;
				ONLY_ACTIVE_ARCH = YES;
				SDKROOT = iphoneos;
				SWIFT_ACTIVE_COMPILATION_CONDITIONS = "DEBUG $(inherited)";
				SWIFT_OPTIMIZATION_LEVEL = "-Onone";
			};
			name = Debug;
		};
		5F8BAD002D6E8BA8004CC56A /* Release */ = {
			isa = XCBuildConfiguration;
			buildSettings = {
				ALWAYS_SEARCH_USER_PATHS = NO;
				ASSETCATALOG_COMPILER_GENERATE_SWIFT_ASSET_SYMBOL_EXTENSIONS = YES;
				CLANG_ANALYZER_NONNULL = YES;
				CLANG_ANALYZER_NUMBER_OBJECT_CONVERSION = YES_AGGRESSIVE;
				CLANG_CXX_LANGUAGE_STANDARD = "gnu++20";
				CLANG_ENABLE_MODULES = YES;
				CLANG_ENABLE_OBJC_ARC = YES;
				CLANG_ENABLE_OBJC_WEAK = YES;
				CLANG_WARN_BLOCK_CAPTURE_AUTORELEASING = YES;
				CLANG_WARN_BOOL_CONVERSION = YES;
				CLANG_WARN_COMMA = YES;
				CLANG_WARN_CONSTANT_CONVERSION = YES;
				CLANG_WARN_DEPRECATED_OBJC_IMPLEMENTATIONS = YES;
				CLANG_WARN_DIRECT_OBJC_ISA_USAGE = YES_ERROR;
				CLANG_WARN_DOCUMENTATION_COMMENTS = YES;
				CLANG_WARN_EMPTY_BODY = YES;
				CLANG_WARN_ENUM_CONVERSION = YES;
				CLANG_WARN_INFINITE_RECURSION = YES;
				CLANG_WARN_INT_CONVERSION = YES;
				CLANG_WARN_NON_LITERAL_NULL_CONVERSION = YES;
				CLANG_WARN_OBJC_IMPLICIT_RETAIN_SELF = YES;
				CLANG_WARN_OBJC_LITERAL_CONVERSION = YES;
				CLANG_WARN_OBJC_ROOT_CLASS = YES_ERROR;
				CLANG_WARN_QUOTED_INCLUDE_IN_FRAMEWORK_HEADER = YES;
				CLANG_WARN_RANGE_LOOP_ANALYSIS = YES;
				CLANG_WARN_STRICT_PROTOTYPES = YES;
				CLANG_WARN_SUSPICIOUS_MOVE = YES;
				CLANG_WARN_UNGUARDED_AVAILABILITY = YES_AGGRESSIVE;
				CLANG_WARN_UNREACHABLE_CODE = YES;
				CLANG_WARN__DUPLICATE_METHOD_MATCH = YES;
				COPY_PHASE_STRIP = NO;
				DEBUG_INFORMATION_FORMAT = "dwarf-with-dsym";
				ENABLE_NS_ASSERTIONS = NO;
				ENABLE_STRICT_OBJC_MSGSEND = YES;
				ENABLE_USER_SCRIPT_SANDBOXING = YES;
				GCC_C_LANGUAGE_STANDARD = gnu17;
				GCC_NO_COMMON_BLOCKS = YES;
				GCC_WARN_64_TO_32_BIT_CONVERSION = YES;
				GCC_WARN_ABOUT_RETURN_TYPE = YES_ERROR;
				GCC_WARN_UNDECLARED_SELECTOR = YES;
				GCC_WARN_UNINITIALIZED_AUTOS = YES_AGGRESSIVE;
				GCC_WARN_UNUSED_FUNCTION = YES;
				GCC_WARN_UNUSED_VARIABLE = YES;
				IPHONEOS_DEPLOYMENT_TARGET = 18.2;
				LOCALIZATION_PREFERS_STRING_CATALOGS = YES;
				MTL_ENABLE_DEBUG_INFO = NO;
				MTL_FAST_MATH = YES;
				SDKROOT = iphoneos;
				SWIFT_COMPILATION_MODE = wholemodule;
				VALIDATE_PRODUCT = YES;
			};
			name = Release;
		};
		5F8BAD022D6E8BA8004CC56A /* Debug */ = {
			isa = XCBuildConfiguration;
			buildSettings = {
				ASSETCATALOG_COMPILER_APPICON_NAME = AppIcon;
				ASSETCATALOG_COMPILER_GLOBAL_ACCENT_COLOR_NAME = AccentColor;
				CODE_SIGN_STYLE = Automatic;
				CURRENT_PROJECT_VERSION = 1;
				DEVELOPMENT_ASSET_PATHS = "";
				DEVELOPMENT_TEAM = 49XFFR5J39;
				ENABLE_PREVIEWS = YES;
				GENERATE_INFOPLIST_FILE = YES;
				INFOPLIST_KEY_UIApplicationSceneManifest_Generation = YES;
				INFOPLIST_KEY_UIApplicationSupportsIndirectInputEvents = YES;
				INFOPLIST_KEY_UILaunchScreen_Generation = YES;
				INFOPLIST_KEY_UISupportedInterfaceOrientations_iPad = "UIInterfaceOrientationPortrait UIInterfaceOrientationPortraitUpsideDown UIInterfaceOrientationLandscapeLeft UIInterfaceOrientationLandscapeRight";
				INFOPLIST_KEY_UISupportedInterfaceOrientations_iPhone = "UIInterfaceOrientationPortrait UIInterfaceOrientationLandscapeLeft UIInterfaceOrientationLandscapeRight";
				LD_RUNPATH_SEARCH_PATHS = (
					"$(inherited)",
					"@executable_path/Frameworks",
				);
				MARKETING_VERSION = 1.0;
				PRODUCT_BUNDLE_IDENTIFIER = joaotapparo.SmartCapital;
				PRODUCT_NAME = "$(TARGET_NAME)";
				SWIFT_EMIT_LOC_STRINGS = YES;
				SWIFT_VERSION = 5.0;
				TARGETED_DEVICE_FAMILY = "1,2";
			};
			name = Debug;
		};
		5F8BAD032D6E8BA8004CC56A /* Release */ = {
			isa = XCBuildConfiguration;
			buildSettings = {
				ASSETCATALOG_COMPILER_APPICON_NAME = AppIcon;
				ASSETCATALOG_COMPILER_GLOBAL_ACCENT_COLOR_NAME = AccentColor;
				CODE_SIGN_STYLE = Automatic;
				CURRENT_PROJECT_VERSION = 1;
				DEVELOPMENT_ASSET_PATHS = "";
				DEVELOPMENT_TEAM = 49XFFR5J39;
				ENABLE_PREVIEWS = YES;
				GENERATE_INFOPLIST_FILE = YES;
				INFOPLIST_KEY_UIApplicationSceneManifest_Generation = YES;
				INFOPLIST_KEY_UIApplicationSupportsIndirectInputEvents = YES;
				INFOPLIST_KEY_UILaunchScreen_Generation = YES;
				INFOPLIST_KEY_UISupportedInterfaceOrientations_iPad = "UIInterfaceOrientationPortrait UIInterfaceOrientationPortraitUpsideDown UIInterfaceOrientationLandscapeLeft UIInterfaceOrientationLandscapeRight";
				INFOPLIST_KEY_UISupportedInterfaceOrientations_iPhone = "UIInterfaceOrientationPortrait UIInterfaceOrientationLandscapeLeft UIInterfaceOrientationLandscapeRight";
				LD_RUNPATH_SEARCH_PATHS = (
					"$(inherited)",
					"@executable_path/Frameworks",
				);
				MARKETING_VERSION = 1.0;
				PRODUCT_BUNDLE_IDENTIFIER = joaotapparo.SmartCapital;
				PRODUCT_NAME = "$(TARGET_NAME)";
				SWIFT_EMIT_LOC_STRINGS = YES;
				SWIFT_VERSION = 5.0;
				TARGETED_DEVICE_FAMILY = "1,2";
			};
			name = Release;
		};
/* End XCBuildConfiguration section */

/* Begin XCConfigurationList section */
		5F8BACD82D6E8BA6004CC56A /* Build configuration list for PBXProject "SmartCapital" */ = {
			isa = XCConfigurationList;
			buildConfigurations = (
				5F8BACFF2D6E8BA8004CC56A /* Debug */,
				5F8BAD002D6E8BA8004CC56A /* Release */,
			);
			defaultConfigurationIsVisible = 0;
			defaultConfigurationName = Release;
		};
		5F8BAD012D6E8BA8004CC56A /* Build configuration list for PBXNativeTarget "SmartCapital" */ = {
			isa = XCConfigurationList;
			buildConfigurations = (
				5F8BAD022D6E8BA8004CC56A /* Debug */,
				5F8BAD032D6E8BA8004CC56A /* Release */,
			);
			defaultConfigurationIsVisible = 0;
			defaultConfigurationName = Release;
		};
/* End XCConfigurationList section */

/* Begin XCRemoteSwiftPackageReference section */
		5FF7687B2DE5242300F67494 /* XCRemoteSwiftPackageReference "supabase-swift" */ = {
			isa = XCRemoteSwiftPackageReference;
			repositoryURL = "https://github.com/supabase/supabase-swift";
			requirement = {
				kind = upToNextMajorVersion;
				minimumVersion = 2.5.1;
			};
		};
/* End XCRemoteSwiftPackageReference section */

/* Begin XCSwiftPackageProductDependency section */
		5F5939EE2DE52F8400AB4618 /* Supabase */ = {
			isa = XCSwiftPackageProductDependency;
			package = 5FF7687B2DE5242300F67494 /* XCRemoteSwiftPackageReference "supabase-swift" */;
			productName = Supabase;
		};
		5FF7687C2DE5242300F67494 /* Auth */ = {
			isa = XCSwiftPackageProductDependency;
			package = 5FF7687B2DE5242300F67494 /* XCRemoteSwiftPackageReference "supabase-swift" */;
			productName = Auth;
		};
		5FF7687E2DE5242300F67494 /* Functions */ = {
			isa = XCSwiftPackageProductDependency;
			package = 5FF7687B2DE5242300F67494 /* XCRemoteSwiftPackageReference "supabase-swift" */;
			productName = Functions;
		};
		5FF768802DE5242300F67494 /* PostgREST */ = {
			isa = XCSwiftPackageProductDependency;
			package = 5FF7687B2DE5242300F67494 /* XCRemoteSwiftPackageReference "supabase-swift" */;
			productName = PostgREST;
		};
		5FF768822DE5242300F67494 /* Realtime */ = {
			isa = XCSwiftPackageProductDependency;
			package = 5FF7687B2DE5242300F67494 /* XCRemoteSwiftPackageReference "supabase-swift" */;
			productName = Realtime;
		};
		5FF768842DE5242300F67494 /* Storage */ = {
			isa = XCSwiftPackageProductDependency;
			package = 5FF7687B2DE5242300F67494 /* XCRemoteSwiftPackageReference "supabase-swift" */;
			productName = Storage;
		};
/* End XCSwiftPackageProductDependency section */
	};
	rootObject = 5F8BACD52D6E8BA6004CC56A /* Project object */;
}
